
Microsoft Visual Studio Solution File, Format Version 12.00
# Visual Studio Version 16
VisualStudioVersion = 16.0.31112.23
MinimumVisualStudioVersion = 10.0.40219.1
Project("{FAE04EC0-301F-11D3-BF4B-00C04F79EFBC}") = "HashingH4", "HashingH4\HashingH4.csproj", "{9F7016AB-78E2-467E-8B39-FFAEC89637E9}"
EndProject
Global
	GlobalSection(SolutionConfigurationPlatforms) = preSolution
		Debug|Any CPU = Debug|Any CPU
		Release|Any CPU = Release|Any CPU
	EndGlobalSection
	GlobalSection(ProjectConfigurationPlatforms) = postSolution
		{9F7016AB-78E2-467E-8B39-FFAEC89637E9}.Debug|Any CPU.ActiveCfg = Debug|Any CPU
		{9F7016AB-78E2-467E-8B39-FFAEC89637E9}.Debug|Any CPU.Build.0 = Debug|Any CPU
		{9F7016AB-78E2-467E-8B39-FFAEC89637E9}.Release|Any CPU.ActiveCfg = Release|Any CPU
		{9F7016AB-78E2-467E-8B39-FFAEC89637E9}.Release|Any CPU.Build.0 = Release|Any CPU
	EndGlobalSection
	GlobalSection(SolutionProperties) = preSolution
		HideSolutionNode = FALSE
	EndGlobalSection
	GlobalSection(ExtensibilityGlobals) = postSolution
		SolutionGuid = {E5740CF6-1B55-4312-A472-3F7210E9A504}
	EndGlobalSection
EndGlobal
